# This file is autogenerated, do not edit; changes may be undone by the next 'dep ensure'.


[[projects]]
  name = "github.com/felixge/httpsnoop"
  packages = ["."]
  revision = "eadd4fad6aac69ae62379194fe0219f3dbc80fd3"
  version = "v1.0.0"

[[projects]]
  branch = "master"
  name = "github.com/golang/gddo"
  packages = ["httputil/header"]
  revision = "2d52dba233bbdd2e459f812de92980f9c2ccc192"

[[projects]]
  branch = "master"
  name = "github.com/mitchellh/go-server-timing"
  packages = ["."]
  revision = "15ae5eac790644907a703b526b3b446b1ab85b69"

[solve-meta]
  analyzer-name = "dep"
  analyzer-version = 1
  inputs-digest = "a366869899e01d9914105c2758d9b1ffe20b5fe760e4a0f1b240a6108ac16080"
  solver-name = "gps-cdcl"
  solver-version = 1
